
Microsoft Visual Studio Solution File, Format Version 12.00
# Visual Studio Version 16
VisualStudioVersion = 16.0.29009.5
MinimumVisualStudioVersion = 10.0.40219.1
Project("{FAE04EC0-301F-11D3-BF4B-00C04F79EFBC}") = "SampleXunitUnreliableFact.MyLibrary", "SampleXunitUnreliableFact.MyLibrary\SampleXunitUnreliableFact.MyLibrary.csproj", "{4A10DA0C-2490-4B76-AB96-19C76CB0132C}"
EndProject
Project("{FAE04EC0-301F-11D3-BF4B-00C04F79EFBC}") = "SampleXunitUnreliableFact.MyLibrary.Tests", "SampleXunitUnreliableFact.MyLibrary.Tests\SampleXunitUnreliableFact.MyLibrary.Tests.csproj", "{531CC100-D8D7-4411-8A36-C5F5C9130223}"
EndProject
Global
	GlobalSection(SolutionConfigurationPlatforms) = preSolution
		Debug|Any CPU = Debug|Any CPU
		Release|Any CPU = Release|Any CPU
	EndGlobalSection
	GlobalSection(ProjectConfigurationPlatforms) = postSolution
		{4A10DA0C-2490-4B76-AB96-19C76CB0132C}.Debug|Any CPU.ActiveCfg = Debug|Any CPU
		{4A10DA0C-2490-4B76-AB96-19C76CB0132C}.Debug|Any CPU.Build.0 = Debug|Any CPU
		{4A10DA0C-2490-4B76-AB96-19C76CB0132C}.Release|Any CPU.ActiveCfg = Release|Any CPU
		{4A10DA0C-2490-4B76-AB96-19C76CB0132C}.Release|Any CPU.Build.0 = Release|Any CPU
		{531CC100-D8D7-4411-8A36-C5F5C9130223}.Debug|Any CPU.ActiveCfg = Debug|Any CPU
		{531CC100-D8D7-4411-8A36-C5F5C9130223}.Debug|Any CPU.Build.0 = Debug|Any CPU
		{531CC100-D8D7-4411-8A36-C5F5C9130223}.Release|Any CPU.ActiveCfg = Release|Any CPU
		{531CC100-D8D7-4411-8A36-C5F5C9130223}.Release|Any CPU.Build.0 = Release|Any CPU
	EndGlobalSection
	GlobalSection(SolutionProperties) = preSolution
		HideSolutionNode = FALSE
	EndGlobalSection
	GlobalSection(ExtensibilityGlobals) = postSolution
		SolutionGuid = {1598EDC5-8762-42C8-B108-DBFDDF237E1C}
	EndGlobalSection
EndGlobal
